{
  "name": "smart_contract",
  "version": "1.0.0",
  "lockfileVersion": 2,
  "requires": true,
  "packages": {
    "": {
      "name": "smart_contract",
      "version": "1.0.0",
      "license": "ISC",
      "devDependencies": {
        "truffle": "^5.6.9"
      },
      "dependencies": {
        "@thirdweb-dev/contracts": "^3.2.9",
        "dotenv": "^16.0.3"
      }
    },
    "node_modules/@thirdweb-dev/contracts": {
      "version": "3.2.9",
      "resolved": "https://registry.npmjs.org/@thirdweb-dev/contracts/-/contracts-3.2.9.tgz",
      "integrity": "sha512-6urQy8bKKj5Gn5De6VIhIDMg4dfOD2kjBra0ulohLVse2qIFvRWT3wkAHS1EuiQZJkD12cZmmLrQ/rl5NezjPw=="
    },
    "node_modules/dotenv": {
      "version": "16.0.3",
      "resolved": "https://registry.npmjs.org/dotenv/-/dotenv-16.0.3.tgz",
      "integrity": "sha512-7GO6HghkA5fYG9TYnNxi14/7K9f5occMlp3zXAuSxn7CKCxt9xbNWG7yF8hTCSUchlfWSe3uLmlPfigevRItzQ==",
      "engines": {
        "node": ">=12"
      }
    }
  },
  "dependencies": {
    "@thirdweb-dev/contracts": {
      "version": "3.2.9",
      "resolved": "https://registry.npmjs.org/@thirdweb-dev/contracts/-/contracts-3.2.9.tgz",
      "integrity": "sha512-6urQy8bKKj5Gn5De6VIhIDMg4dfOD2kjBra0ulohLVse2qIFvRWT3wkAHS1EuiQZJkD12cZmmLrQ/rl5NezjPw=="
    },
    "dotenv": {
      "version": "16.0.3",
      "resolved": "https://registry.npmjs.org/dotenv/-/dotenv-16.0.3.tgz",
      "integrity": "sha512-7GO6HghkA5fYG9TYnNxi14/7K9f5occMlp3zXAuSxn7CKCxt9xbNWG7yF8hTCSUchlfWSe3uLmlPfigevRItzQ=="
    }
  }
}
